// !$*UTF8*$!
{
	archiveVersion = 1;
	classes = {
	};
	objectVersion = 46;
	objects = {

/* Begin PBXBuildFile section */
		B22338061BCDF79000119944 /* iTunesArtwork@2x.png in Resources */ = {isa = PBXBuildFile; fileRef = B22338051BCDF79000119944 /* iTunesArtwork@2x.png */; settings = {ASSET_TAGS = (); }; };
		DB0469441BD0B24E00F0A53F /* NavigationController.swift in Sources */ = {isa = PBXBuildFile; fileRef = DB0469431BD0B24E00F0A53F /* NavigationController.swift */; settings = {ASSET_TAGS = (); }; };
		DB6FE9E91BCB046700E6C38C /* AppDelegate.swift in Sources */ = {isa = PBXBuildFile; fileRef = DB6FE9E81BCB046700E6C38C /* AppDelegate.swift */; };
		DB6FE9EB1BCB046700E6C38C /* NewsViewController.swift in Sources */ = {isa = PBXBuildFile; fileRef = DB6FE9EA1BCB046700E6C38C /* NewsViewController.swift */; };
		DB6FE9EE1BCB046700E6C38C /* Main.storyboard in Resources */ = {isa = PBXBuildFile; fileRef = DB6FE9EC1BCB046700E6C38C /* Main.storyboard */; };
		DB6FE9F01BCB046700E6C38C /* Assets.xcassets in Resources */ = {isa = PBXBuildFile; fileRef = DB6FE9EF1BCB046700E6C38C /* Assets.xcassets */; };
		DB6FE9F31BCB046700E6C38C /* LaunchScreen.storyboard in Resources */ = {isa = PBXBuildFile; fileRef = DB6FE9F11BCB046700E6C38C /* LaunchScreen.storyboard */; };
		DB6FE9FE1BCB046700E6C38C /* CandidacyTests.swift in Sources */ = {isa = PBXBuildFile; fileRef = DB6FE9FD1BCB046700E6C38C /* CandidacyTests.swift */; };
		DB6FEA091BCB046700E6C38C /* CandidacyUITests.swift in Sources */ = {isa = PBXBuildFile; fileRef = DB6FEA081BCB046700E6C38C /* CandidacyUITests.swift */; };
		FEBCBBC9361072E7FA561AE0 /* Pods.framework in Frameworks */ = {isa = PBXBuildFile; fileRef = 576CE8A8F4496B41F2CA199D /* Pods.framework */; settings = {ATTRIBUTES = (Weak, ); }; };
/* End PBXBuildFile section */

/* Begin PBXContainerItemProxy section */
		DB6FE9FA1BCB046700E6C38C /* PBXContainerItemProxy */ = {
			isa = PBXContainerItemProxy;
			containerPortal = DB6FE9DD1BCB046600E6C38C /* Project object */;
			proxyType = 1;
			remoteGlobalIDString = DB6FE9E41BCB046600E6C38C;
			remoteInfo = Candidacy;
		};
		DB6FEA051BCB046700E6C38C /* PBXContainerItemProxy */ = {
			isa = PBXContainerItemProxy;
			containerPortal = DB6FE9DD1BCB046600E6C38C /* Project object */;
			proxyType = 1;
			remoteGlobalIDString = DB6FE9E41BCB046600E6C38C;
			remoteInfo = Candidacy;
		};
/* End PBXContainerItemProxy section */

/* Begin PBXFileReference section */
		0A4D40A72A2A85473725D53E /* Pods.debug.xcconfig */ = {isa = PBXFileReference; includeInIndex = 1; lastKnownFileType = text.xcconfig; name = Pods.debug.xcconfig; path = "Pods/Target Support Files/Pods/Pods.debug.xcconfig"; sourceTree = "<group>"; };
		576CE8A8F4496B41F2CA199D /* Pods.framework */ = {isa = PBXFileReference; explicitFileType = wrapper.framework; includeInIndex = 0; path = Pods.framework; sourceTree = BUILT_PRODUCTS_DIR; };
		AA4CB47D97D1DD27434CCF42 /* Pods.release.xcconfig */ = {isa = PBXFileReference; includeInIndex = 1; lastKnownFileType = text.xcconfig; name = Pods.release.xcconfig; path = "Pods/Target Support Files/Pods/Pods.release.xcconfig"; sourceTree = "<group>"; };
		B22338041BCDF31A00119944 /* Candidacy-BridgingHeader.h */ = {isa = PBXFileReference; lastKnownFileType = sourcecode.c.h; path = "Candidacy-BridgingHeader.h"; sourceTree = "<group>"; };
		B22338051BCDF79000119944 /* iTunesArtwork@2x.png */ = {isa = PBXFileReference; lastKnownFileType = image.png; name = "iTunesArtwork@2x.png"; path = "Graphics/candidacylogo/ios/iTunesArtwork@2x.png"; sourceTree = "<group>"; };
		DB0469431BD0B24E00F0A53F /* NavigationController.swift */ = {isa = PBXFileReference; fileEncoding = 4; lastKnownFileType = sourcecode.swift; path = NavigationController.swift; sourceTree = "<group>"; };
		DB6FE9E51BCB046700E6C38C /* Candidacy.app */ = {isa = PBXFileReference; explicitFileType = wrapper.application; includeInIndex = 0; path = Candidacy.app; sourceTree = BUILT_PRODUCTS_DIR; };
		DB6FE9E81BCB046700E6C38C /* AppDelegate.swift */ = {isa = PBXFileReference; lastKnownFileType = sourcecode.swift; path = AppDelegate.swift; sourceTree = "<group>"; };
		DB6FE9EA1BCB046700E6C38C /* NewsViewController.swift */ = {isa = PBXFileReference; lastKnownFileType = sourcecode.swift; path = NewsViewController.swift; sourceTree = "<group>"; };
		DB6FE9ED1BCB046700E6C38C /* Base */ = {isa = PBXFileReference; lastKnownFileType = file.storyboard; name = Base; path = Base.lproj/Main.storyboard; sourceTree = "<group>"; };
		DB6FE9EF1BCB046700E6C38C /* Assets.xcassets */ = {isa = PBXFileReference; lastKnownFileType = folder.assetcatalog; path = Assets.xcassets; sourceTree = "<group>"; };
		DB6FE9F21BCB046700E6C38C /* Base */ = {isa = PBXFileReference; lastKnownFileType = file.storyboard; name = Base; path = Base.lproj/LaunchScreen.storyboard; sourceTree = "<group>"; };
		DB6FE9F41BCB046700E6C38C /* Info.plist */ = {isa = PBXFileReference; lastKnownFileType = text.plist.xml; path = Info.plist; sourceTree = "<group>"; };
		DB6FE9F91BCB046700E6C38C /* CandidacyTests.xctest */ = {isa = PBXFileReference; explicitFileType = wrapper.cfbundle; includeInIndex = 0; path = CandidacyTests.xctest; sourceTree = BUILT_PRODUCTS_DIR; };
		DB6FE9FD1BCB046700E6C38C /* CandidacyTests.swift */ = {isa = PBXFileReference; lastKnownFileType = sourcecode.swift; path = CandidacyTests.swift; sourceTree = "<group>"; };
		DB6FE9FF1BCB046700E6C38C /* Info.plist */ = {isa = PBXFileReference; lastKnownFileType = text.plist.xml; path = Info.plist; sourceTree = "<group>"; };
		DB6FEA041BCB046700E6C38C /* CandidacyUITests.xctest */ = {isa = PBXFileReference; explicitFileType = wrapper.cfbundle; includeInIndex = 0; path = CandidacyUITests.xctest; sourceTree = BUILT_PRODUCTS_DIR; };
		DB6FEA081BCB046700E6C38C /* CandidacyUITests.swift */ = {isa = PBXFileReference; lastKnownFileType = sourcecode.swift; path = CandidacyUITests.swift; sourceTree = "<group>"; };
		DB6FEA0A1BCB046700E6C38C /* Info.plist */ = {isa = PBXFileReference; lastKnownFileType = text.plist.xml; path = Info.plist; sourceTree = "<group>"; };
/* End PBXFileReference section */

/* Begin PBXFrameworksBuildPhase section */
		DB6FE9E21BCB046600E6C38C /* Frameworks */ = {
			isa = PBXFrameworksBuildPhase;
			buildActionMask = 2147483647;
			files = (
				FEBCBBC9361072E7FA561AE0 /* Pods.framework in Frameworks */,
			);
			runOnlyForDeploymentPostprocessing = 0;
		};
		DB6FE9F61BCB046700E6C38C /* Frameworks */ = {
			isa = PBXFrameworksBuildPhase;
			buildActionMask = 2147483647;
			files = (
			);
			runOnlyForDeploymentPostprocessing = 0;
		};
		DB6FEA011BCB046700E6C38C /* Frameworks */ = {
			isa = PBXFrameworksBuildPhase;
			buildActionMask = 2147483647;
			files = (
			);
			runOnlyForDeploymentPostprocessing = 0;
		};
/* End PBXFrameworksBuildPhase section */

/* Begin PBXGroup section */
		80F60998465C05FD79330C30 /* Pods */ = {
			isa = PBXGroup;
			children = (
				0A4D40A72A2A85473725D53E /* Pods.debug.xcconfig */,
				AA4CB47D97D1DD27434CCF42 /* Pods.release.xcconfig */,
			);
			name = Pods;
			sourceTree = "<group>";
		};
		DB6FE9DC1BCB046600E6C38C = {
			isa = PBXGroup;
			children = (
				B22338041BCDF31A00119944 /* Candidacy-BridgingHeader.h */,
				B22338051BCDF79000119944 /* iTunesArtwork@2x.png */,
				DB6FE9E71BCB046700E6C38C /* Candidacy */,
				DB6FE9FC1BCB046700E6C38C /* CandidacyTests */,
				DB6FEA071BCB046700E6C38C /* CandidacyUITests */,
				DB6FE9E61BCB046700E6C38C /* Products */,
				80F60998465C05FD79330C30 /* Pods */,
				EEC21CF0F068398722711BC7 /* Frameworks */,
			);
			sourceTree = "<group>";
		};
		DB6FE9E61BCB046700E6C38C /* Products */ = {
			isa = PBXGroup;
			children = (
				DB6FE9E51BCB046700E6C38C /* Candidacy.app */,
				DB6FE9F91BCB046700E6C38C /* CandidacyTests.xctest */,
				DB6FEA041BCB046700E6C38C /* CandidacyUITests.xctest */,
			);
			name = Products;
			sourceTree = "<group>";
		};
		DB6FE9E71BCB046700E6C38C /* Candidacy */ = {
			isa = PBXGroup;
			children = (
				DB6FE9E81BCB046700E6C38C /* AppDelegate.swift */,
				DB6FE9EA1BCB046700E6C38C /* NewsViewController.swift */,
				DB6FE9EC1BCB046700E6C38C /* Main.storyboard */,
				DB0469431BD0B24E00F0A53F /* NavigationController.swift */,
				DB6FE9EF1BCB046700E6C38C /* Assets.xcassets */,
				DB6FE9F11BCB046700E6C38C /* LaunchScreen.storyboard */,
				DB6FE9F41BCB046700E6C38C /* Info.plist */,
			);
			path = Candidacy;
			sourceTree = "<group>";
		};
		DB6FE9FC1BCB046700E6C38C /* CandidacyTests */ = {
			isa = PBXGroup;
			children = (
				DB6FE9FD1BCB046700E6C38C /* CandidacyTests.swift */,
				DB6FE9FF1BCB046700E6C38C /* Info.plist */,
			);
			path = CandidacyTests;
			sourceTree = "<group>";
		};
		DB6FEA071BCB046700E6C38C /* CandidacyUITests */ = {
			isa = PBXGroup;
			children = (
				DB6FEA081BCB046700E6C38C /* CandidacyUITests.swift */,
				DB6FEA0A1BCB046700E6C38C /* Info.plist */,
			);
			path = CandidacyUITests;
			sourceTree = "<group>";
		};
		EEC21CF0F068398722711BC7 /* Frameworks */ = {
			isa = PBXGroup;
			children = (
				576CE8A8F4496B41F2CA199D /* Pods.framework */,
			);
			name = Frameworks;
			sourceTree = "<group>";
		};
/* End PBXGroup section */

/* Begin PBXNativeTarget section */
		DB6FE9E41BCB046600E6C38C /* Candidacy */ = {
			isa = PBXNativeTarget;
			buildConfigurationList = DB6FEA0D1BCB046700E6C38C /* Build configuration list for PBXNativeTarget "Candidacy" */;
			buildPhases = (
				BABF4CDD47ABC79BA4F3C0BB /* Check Pods Manifest.lock */,
				DB6FE9E11BCB046600E6C38C /* Sources */,
				DB6FE9E21BCB046600E6C38C /* Frameworks */,
				DB6FE9E31BCB046600E6C38C /* Resources */,
				0A4A75ADF70940FE7366129F /* Copy Pods Resources */,
				89B480B120E224828CF199FB /* Embed Pods Frameworks */,
			);
			buildRules = (
			);
			dependencies = (
			);
			name = Candidacy;
			productName = Candidacy;
			productReference = DB6FE9E51BCB046700E6C38C /* Candidacy.app */;
			productType = "com.apple.product-type.application";
		};
		DB6FE9F81BCB046700E6C38C /* CandidacyTests */ = {
			isa = PBXNativeTarget;
			buildConfigurationList = DB6FEA101BCB046700E6C38C /* Build configuration list for PBXNativeTarget "CandidacyTests" */;
			buildPhases = (
				DB6FE9F51BCB046700E6C38C /* Sources */,
				DB6FE9F61BCB046700E6C38C /* Frameworks */,
				DB6FE9F71BCB046700E6C38C /* Resources */,
			);
			buildRules = (
			);
			dependencies = (
				DB6FE9FB1BCB046700E6C38C /* PBXTargetDependency */,
			);
			name = CandidacyTests;
			productName = CandidacyTests;
			productReference = DB6FE9F91BCB046700E6C38C /* CandidacyTests.xctest */;
			productType = "com.apple.product-type.bundle.unit-test";
		};
		DB6FEA031BCB046700E6C38C /* CandidacyUITests */ = {
			isa = PBXNativeTarget;
			buildConfigurationList = DB6FEA131BCB046700E6C38C /* Build configuration list for PBXNativeTarget "CandidacyUITests" */;
			buildPhases = (
				DB6FEA001BCB046700E6C38C /* Sources */,
				DB6FEA011BCB046700E6C38C /* Frameworks */,
				DB6FEA021BCB046700E6C38C /* Resources */,
			);
			buildRules = (
			);
			dependencies = (
				DB6FEA061BCB046700E6C38C /* PBXTargetDependency */,
			);
			name = CandidacyUITests;
			productName = CandidacyUITests;
			productReference = DB6FEA041BCB046700E6C38C /* CandidacyUITests.xctest */;
			productType = "com.apple.product-type.bundle.ui-testing";
		};
/* End PBXNativeTarget section */

/* Begin PBXProject section */
		DB6FE9DD1BCB046600E6C38C /* Project object */ = {
			isa = PBXProject;
			attributes = {
				LastUpgradeCheck = 0700;
				ORGANIZATIONNAME = CS378;
				TargetAttributes = {
					DB6FE9E41BCB046600E6C38C = {
						CreatedOnToolsVersion = 7.0;
					};
					DB6FE9F81BCB046700E6C38C = {
						CreatedOnToolsVersion = 7.0;
						TestTargetID = DB6FE9E41BCB046600E6C38C;
					};
					DB6FEA031BCB046700E6C38C = {
						CreatedOnToolsVersion = 7.0;
						TestTargetID = DB6FE9E41BCB046600E6C38C;
					};
				};
			};
			buildConfigurationList = DB6FE9E01BCB046600E6C38C /* Build configuration list for PBXProject "Candidacy" */;
			compatibilityVersion = "Xcode 3.2";
			developmentRegion = English;
			hasScannedForEncodings = 0;
			knownRegions = (
				en,
				Base,
			);
			mainGroup = DB6FE9DC1BCB046600E6C38C;
			productRefGroup = DB6FE9E61BCB046700E6C38C /* Products */;
			projectDirPath = "";
			projectRoot = "";
			targets = (
				DB6FE9E41BCB046600E6C38C /* Candidacy */,
				DB6FE9F81BCB046700E6C38C /* CandidacyTests */,
				DB6FEA031BCB046700E6C38C /* CandidacyUITests */,
			);
		};
/* End PBXProject section */

/* Begin PBXResourcesBuildPhase section */
		DB6FE9E31BCB046600E6C38C /* Resources */ = {
			isa = PBXResourcesBuildPhase;
			buildActionMask = 2147483647;
			files = (
				DB6FE9F31BCB046700E6C38C /* LaunchScreen.storyboard in Resources */,
				DB6FE9F01BCB046700E6C38C /* Assets.xcassets in Resources */,
				DB6FE9EE1BCB046700E6C38C /* Main.storyboard in Resources */,
				B22338061BCDF79000119944 /* iTunesArtwork@2x.png in Resources */,
			);
			runOnlyForDeploymentPostprocessing = 0;
		};
		DB6FE9F71BCB046700E6C38C /* Resources */ = {
			isa = PBXResourcesBuildPhase;
			buildActionMask = 2147483647;
			files = (
			);
			runOnlyForDeploymentPostprocessing = 0;
		};
		DB6FEA021BCB046700E6C38C /* Resources */ = {
			isa = PBXResourcesBuildPhase;
			buildActionMask = 2147483647;
			files = (
			);
			runOnlyForDeploymentPostprocessing = 0;
		};
/* End PBXResourcesBuildPhase section */

/* Begin PBXShellScriptBuildPhase section */
		0A4A75ADF70940FE7366129F /* Copy Pods Resources */ = {
			isa = PBXShellScriptBuildPhase;
			buildActionMask = 2147483647;
			files = (
			);
			inputPaths = (
			);
			name = "Copy Pods Resources";
			outputPaths = (
			);
			runOnlyForDeploymentPostprocessing = 0;
			shellPath = /bin/sh;
			shellScript = "\"${SRCROOT}/Pods/Target Support Files/Pods/Pods-resources.sh\"\n";
			showEnvVarsInLog = 0;
		};
		89B480B120E224828CF199FB /* Embed Pods Frameworks */ = {
			isa = PBXShellScriptBuildPhase;
			buildActionMask = 2147483647;
			files = (
			);
			inputPaths = (
			);
			name = "Embed Pods Frameworks";
			outputPaths = (
			);
			runOnlyForDeploymentPostprocessing = 0;
			shellPath = /bin/sh;
			shellScript = "\"${SRCROOT}/Pods/Target Support Files/Pods/Pods-frameworks.sh\"\n";
			showEnvVarsInLog = 0;
		};
		BABF4CDD47ABC79BA4F3C0BB /* Check Pods Manifest.lock */ = {
			isa = PBXShellScriptBuildPhase;
			buildActionMask = 2147483647;
			files = (
			);
			inputPaths = (
			);
			name = "Check Pods Manifest.lock";
			outputPaths = (
			);
			runOnlyForDeploymentPostprocessing = 0;
			shellPath = /bin/sh;
			shellScript = "diff \"${PODS_ROOT}/../Podfile.lock\" \"${PODS_ROOT}/Manifest.lock\" > /dev/null\nif [[ $? != 0 ]] ; then\n    cat << EOM\nerror: The sandbox is not in sync with the Podfile.lock. Run 'pod install' or update your CocoaPods installation.\nEOM\n    exit 1\nfi\n";
			showEnvVarsInLog = 0;
		};
/* End PBXShellScriptBuildPhase section */

/* Begin PBXSourcesBuildPhase section */
		DB6FE9E11BCB046600E6C38C /* Sources */ = {
			isa = PBXSourcesBuildPhase;
			buildActionMask = 2147483647;
			files = (
				DB6FE9EB1BCB046700E6C38C /* NewsViewController.swift in Sources */,
				DB0469441BD0B24E00F0A53F /* NavigationController.swift in Sources */,
				DB6FE9E91BCB046700E6C38C /* AppDelegate.swift in Sources */,
			);
			runOnlyForDeploymentPostprocessing = 0;
		};
		DB6FE9F51BCB046700E6C38C /* Sources */ = {
			isa = PBXSourcesBuildPhase;
			buildActionMask = 2147483647;
			files = (
				DB6FE9FE1BCB046700E6C38C /* CandidacyTests.swift in Sources */,
			);
			runOnlyForDeploymentPostprocessing = 0;
		};
		DB6FEA001BCB046700E6C38C /* Sources */ = {
			isa = PBXSourcesBuildPhase;
			buildActionMask = 2147483647;
			files = (
				DB6FEA091BCB046700E6C38C /* CandidacyUITests.swift in Sources */,
			);
			runOnlyForDeploymentPostprocessing = 0;
		};
/* End PBXSourcesBuildPhase section */

/* Begin PBXTargetDependency section */
		DB6FE9FB1BCB046700E6C38C /* PBXTargetDependency */ = {
			isa = PBXTargetDependency;
			target = DB6FE9E41BCB046600E6C38C /* Candidacy */;
			targetProxy = DB6FE9FA1BCB046700E6C38C /* PBXContainerItemProxy */;
		};
		DB6FEA061BCB046700E6C38C /* PBXTargetDependency */ = {
			isa = PBXTargetDependency;
			target = DB6FE9E41BCB046600E6C38C /* Candidacy */;
			targetProxy = DB6FEA051BCB046700E6C38C /* PBXContainerItemProxy */;
		};
/* End PBXTargetDependency section */

/* Begin PBXVariantGroup section */
		DB6FE9EC1BCB046700E6C38C /* Main.storyboard */ = {
			isa = PBXVariantGroup;
			children = (
				DB6FE9ED1BCB046700E6C38C /* Base */,
			);
			name = Main.storyboard;
			sourceTree = "<group>";
		};
		DB6FE9F11BCB046700E6C38C /* LaunchScreen.storyboard */ = {
			isa = PBXVariantGroup;
			children = (
				DB6FE9F21BCB046700E6C38C /* Base */,
			);
			name = LaunchScreen.storyboard;
			sourceTree = "<group>";
		};
/* End PBXVariantGroup section */

/* Begin XCBuildConfiguration section */
		DB6FEA0B1BCB046700E6C38C /* Debug */ = {
			isa = XCBuildConfiguration;
			buildSettings = {
				ALWAYS_SEARCH_USER_PATHS = NO;
				CLANG_CXX_LANGUAGE_STANDARD = "gnu++0x";
				CLANG_CXX_LIBRARY = "libc++";
				CLANG_ENABLE_MODULES = YES;
				CLANG_ENABLE_OBJC_ARC = YES;
				CLANG_WARN_BOOL_CONVERSION = YES;
				CLANG_WARN_CONSTANT_CONVERSION = YES;
				CLANG_WARN_DIRECT_OBJC_ISA_USAGE = YES_ERROR;
				CLANG_WARN_EMPTY_BODY = YES;
				CLANG_WARN_ENUM_CONVERSION = YES;
				CLANG_WARN_INT_CONVERSION = YES;
				CLANG_WARN_OBJC_ROOT_CLASS = YES_ERROR;
				CLANG_WARN_UNREACHABLE_CODE = YES;
				CLANG_WARN__DUPLICATE_METHOD_MATCH = YES;
				"CODE_SIGN_IDENTITY[sdk=iphoneos*]" = "iPhone Developer";
				COPY_PHASE_STRIP = NO;
				DEBUG_INFORMATION_FORMAT = dwarf;
				ENABLE_STRICT_OBJC_MSGSEND = YES;
				ENABLE_TESTABILITY = YES;
				GCC_C_LANGUAGE_STANDARD = gnu99;
				GCC_DYNAMIC_NO_PIC = NO;
				GCC_NO_COMMON_BLOCKS = YES;
				GCC_OPTIMIZATION_LEVEL = 0;
				GCC_PREPROCESSOR_DEFINITIONS = (
					"DEBUG=1",
					"$(inherited)",
				);
				GCC_WARN_64_TO_32_BIT_CONVERSION = YES;
				GCC_WARN_ABOUT_RETURN_TYPE = YES_ERROR;
				GCC_WARN_UNDECLARED_SELECTOR = YES;
				GCC_WARN_UNINITIALIZED_AUTOS = YES_AGGRESSIVE;
				GCC_WARN_UNUSED_FUNCTION = YES;
				GCC_WARN_UNUSED_VARIABLE = YES;
				IPHONEOS_DEPLOYMENT_TARGET = 9.0;
				MTL_ENABLE_DEBUG_INFO = YES;
				ONLY_ACTIVE_ARCH = YES;
				SDKROOT = iphoneos;
				SWIFT_OPTIMIZATION_LEVEL = "-Onone";
			};
			name = Debug;
		};
		DB6FEA0C1BCB046700E6C38C /* Release */ = {
			isa = XCBuildConfiguration;
			buildSettings = {
				ALWAYS_SEARCH_USER_PATHS = NO;
				CLANG_CXX_LANGUAGE_STANDARD = "gnu++0x";
				CLANG_CXX_LIBRARY = "libc++";
				CLANG_ENABLE_MODULES = YES;
				CLANG_ENABLE_OBJC_ARC = YES;
				CLANG_WARN_BOOL_CONVERSION = YES;
				CLANG_WARN_CONSTANT_CONVERSION = YES;
				CLANG_WARN_DIRECT_OBJC_ISA_USAGE = YES_ERROR;
				CLANG_WARN_EMPTY_BODY = YES;
				CLANG_WARN_ENUM_CONVERSION = YES;
				CLANG_WARN_INT_CONVERSION = YES;
				CLANG_WARN_OBJC_ROOT_CLASS = YES_ERROR;
				CLANG_WARN_UNREACHABLE_CODE = YES;
				CLANG_WARN__DUPLICATE_METHOD_MATCH = YES;
				"CODE_SIGN_IDENTITY[sdk=iphoneos*]" = "iPhone Developer";
				COPY_PHASE_STRIP = NO;
				DEBUG_INFORMATION_FORMAT = "dwarf-with-dsym";
				ENABLE_NS_ASSERTIONS = NO;
				ENABLE_STRICT_OBJC_MSGSEND = YES;
				GCC_C_LANGUAGE_STANDARD = gnu99;
				GCC_NO_COMMON_BLOCKS = YES;
				GCC_WARN_64_TO_32_BIT_CONVERSION = YES;
				GCC_WARN_ABOUT_RETURN_TYPE = YES_ERROR;
				GCC_WARN_UNDECLARED_SELECTOR = YES;
				GCC_WARN_UNINITIALIZED_AUTOS = YES_AGGRESSIVE;
				GCC_WARN_UNUSED_FUNCTION = YES;
				GCC_WARN_UNUSED_VARIABLE = YES;
				IPHONEOS_DEPLOYMENT_TARGET = 9.0;
				MTL_ENABLE_DEBUG_INFO = NO;
				SDKROOT = iphoneos;
				VALIDATE_PRODUCT = YES;
			};
			name = Release;
		};
		DB6FEA0E1BCB046700E6C38C /* Debug */ = {
			isa = XCBuildConfiguration;
			baseConfigurationReference = 0A4D40A72A2A85473725D53E /* Pods.debug.xcconfig */;
			buildSettings = {
				ASSETCATALOG_COMPILER_APPICON_NAME = AppIcon;
				INFOPLIST_FILE = Candidacy/Info.plist;
				LD_RUNPATH_SEARCH_PATHS = "$(inherited) @executable_path/Frameworks";
				PRODUCT_BUNDLE_IDENTIFIER = CS378.Candidacy;
				PRODUCT_NAME = "$(TARGET_NAME)";
				SWIFT_OBJC_BRIDGING_HEADER = Candidacy/REFrostedViewController.h;
				"SWIFT_OBJC_BRIDGING_HEADER[arch=*]" = "";
			};
			name = Debug;
		};
		DB6FEA0F1BCB046700E6C38C /* Release */ = {
			isa = XCBuildConfiguration;
			baseConfigurationReference = AA4CB47D97D1DD27434CCF42 /* Pods.release.xcconfig */;
			buildSettings = {
				ASSETCATALOG_COMPILER_APPICON_NAME = AppIcon;
				INFOPLIST_FILE = Candidacy/Info.plist;
				LD_RUNPATH_SEARCH_PATHS = "$(inherited) @executable_path/Frameworks";
				PRODUCT_BUNDLE_IDENTIFIER = CS378.Candidacy;
				PRODUCT_NAME = "$(TARGET_NAME)";
				SWIFT_OBJC_BRIDGING_HEADER = Candidacy/REFrostedViewController.h;
			};
			name = Release;
		};
		DB6FEA111BCB046700E6C38C /* Debug */ = {
			isa = XCBuildConfiguration;
			buildSettings = {
				BUNDLE_LOADER = "$(TEST_HOST)";
				INFOPLIST_FILE = CandidacyTests/Info.plist;
				LD_RUNPATH_SEARCH_PATHS = "$(inherited) @executable_path/Frameworks @loader_path/Frameworks";
				PRODUCT_BUNDLE_IDENTIFIER = CS378.CandidacyTests;
				PRODUCT_NAME = "$(TARGET_NAME)";
				TEST_HOST = "$(BUILT_PRODUCTS_DIR)/Candidacy.app/Candidacy";
			};
			name = Debug;
		};
		DB6FEA121BCB046700E6C38C /* Release */ = {
			isa = XCBuildConfiguration;
			buildSettings = {
				BUNDLE_LOADER = "$(TEST_HOST)";
				INFOPLIST_FILE = CandidacyTests/Info.plist;
				LD_RUNPATH_SEARCH_PATHS = "$(inherited) @executable_path/Frameworks @loader_path/Frameworks";
				PRODUCT_BUNDLE_IDENTIFIER = CS378.CandidacyTests;
				PRODUCT_NAME = "$(TARGET_NAME)";
				TEST_HOST = "$(BUILT_PRODUCTS_DIR)/Candidacy.app/Candidacy";
			};
			name = Release;
		};
		DB6FEA141BCB046700E6C38C /* Debug */ = {
			isa = XCBuildConfiguration;
			buildSettings = {
				INFOPLIST_FILE = CandidacyUITests/Info.plist;
				LD_RUNPATH_SEARCH_PATHS = "$(inherited) @executable_path/Frameworks @loader_path/Frameworks";
				PRODUCT_BUNDLE_IDENTIFIER = CS378.CandidacyUITests;
				PRODUCT_NAME = "$(TARGET_NAME)";
				TEST_TARGET_NAME = Candidacy;
				USES_XCTRUNNER = YES;
			};
			name = Debug;
		};
		DB6FEA151BCB046700E6C38C /* Release */ = {
			isa = XCBuildConfiguration;
			buildSettings = {
				INFOPLIST_FILE = CandidacyUITests/Info.plist;
				LD_RUNPATH_SEARCH_PATHS = "$(inherited) @executable_path/Frameworks @loader_path/Frameworks";
				PRODUCT_BUNDLE_IDENTIFIER = CS378.CandidacyUITests;
				PRODUCT_NAME = "$(TARGET_NAME)";
				TEST_TARGET_NAME = Candidacy;
				USES_XCTRUNNER = YES;
			};
			name = Release;
		};
/* End XCBuildConfiguration section */

/* Begin XCConfigurationList section */
		DB6FE9E01BCB046600E6C38C /* Build configuration list for PBXProject "Candidacy" */ = {
			isa = XCConfigurationList;
			buildConfigurations = (
				DB6FEA0B1BCB046700E6C38C /* Debug */,
				DB6FEA0C1BCB046700E6C38C /* Release */,
			);
			defaultConfigurationIsVisible = 0;
			defaultConfigurationName = Release;
		};
		DB6FEA0D1BCB046700E6C38C /* Build configuration list for PBXNativeTarget "Candidacy" */ = {
			isa = XCConfigurationList;
			buildConfigurations = (
				DB6FEA0E1BCB046700E6C38C /* Debug */,
				DB6FEA0F1BCB046700E6C38C /* Release */,
			);
			defaultConfigurationIsVisible = 0;
			defaultConfigurationName = Release;
		};
		DB6FEA101BCB046700E6C38C /* Build configuration list for PBXNativeTarget "CandidacyTests" */ = {
			isa = XCConfigurationList;
			buildConfigurations = (
				DB6FEA111BCB046700E6C38C /* Debug */,
				DB6FEA121BCB046700E6C38C /* Release */,
			);
			defaultConfigurationIsVisible = 0;
			defaultConfigurationName = Release;
		};
		DB6FEA131BCB046700E6C38C /* Build configuration list for PBXNativeTarget "CandidacyUITests" */ = {
			isa = XCConfigurationList;
			buildConfigurations = (
				DB6FEA141BCB046700E6C38C /* Debug */,
				DB6FEA151BCB046700E6C38C /* Release */,
			);
			defaultConfigurationIsVisible = 0;
			defaultConfigurationName = Release;
		};
/* End XCConfigurationList section */
	};
	rootObject = DB6FE9DD1BCB046600E6C38C /* Project object */;
}
